
Microsoft Visual Studio Solution File, Format Version 12.00
# Visual Studio Version 17
VisualStudioVersion = 17.4.33110.190
MinimumVisualStudioVersion = 10.0.40219.1
Project("{FAE04EC0-301F-11D3-BF4B-00C04F79EFBC}") = "ChmLaba2", "ChmLaba2\ChmLaba2.csproj", "{0593ADCA-EA3D-4DCD-9CE7-F6788BCFC944}"
EndProject
Global
	GlobalSection(SolutionConfigurationPlatforms) = preSolution
		Debug|Any CPU = Debug|Any CPU
		Release|Any CPU = Release|Any CPU
	EndGlobalSection
	GlobalSection(ProjectConfigurationPlatforms) = postSolution
		{0593ADCA-EA3D-4DCD-9CE7-F6788BCFC944}.Debug|Any CPU.ActiveCfg = Debug|Any CPU
		{0593ADCA-EA3D-4DCD-9CE7-F6788BCFC944}.Debug|Any CPU.Build.0 = Debug|Any CPU
		{0593ADCA-EA3D-4DCD-9CE7-F6788BCFC944}.Release|Any CPU.ActiveCfg = Release|Any CPU
		{0593ADCA-EA3D-4DCD-9CE7-F6788BCFC944}.Release|Any CPU.Build.0 = Release|Any CPU
	EndGlobalSection
	GlobalSection(SolutionProperties) = preSolution
		HideSolutionNode = FALSE
	EndGlobalSection
	GlobalSection(ExtensibilityGlobals) = postSolution
		SolutionGuid = {8CCE60E2-94DA-44AB-9BA2-E7EAAAE4CD6A}
	EndGlobalSection
EndGlobal
